// !$*UTF8*$!
{
	archiveVersion = 1;
	classes = {
	};
	objectVersion = 77;
	objects = {

/* Begin PBXContainerItemProxy section */
		ABCB7BED2EF549810063D67D /* PBXContainerItemProxy */ = {
			isa = PBXContainerItemProxy;
			containerPortal = ABCB7BD72EF549800063D67D /* Project object */;
			proxyType = 1;
			remoteGlobalIDString = ABCB7BDE2EF549800063D67D;
			remoteInfo = IrisNotch;
		};
		ABCB7BF72EF549810063D67D /* PBXContainerItemProxy */ = {
			isa = PBXContainerItemProxy;
			containerPortal = ABCB7BD72EF549800063D67D /* Project object */;
			proxyType = 1;
			remoteGlobalIDString = ABCB7BDE2EF549800063D67D;
			remoteInfo = IrisNotch;
		};
		ABCB7C312EF56D4A0063D67D /* PBXContainerItemProxy */ = {
			isa = PBXContainerItemProxy;
			containerPortal = ABCB7BD72EF549800063D67D /* Project object */;
			proxyType = 1;
			remoteGlobalIDString = ABCB7C232EF56D480063D67D;
			remoteInfo = IrisNotchLauncher;
		};
		ABCB7C3B2EF56D4A0063D67D /* PBXContainerItemProxy */ = {
			isa = PBXContainerItemProxy;
			containerPortal = ABCB7BD72EF549800063D67D /* Project object */;
			proxyType = 1;
			remoteGlobalIDString = ABCB7C232EF56D480063D67D;
			remoteInfo = IrisNotchLauncher;
		};
/* End PBXContainerItemProxy section */

/* Begin PBXFileReference section */
		ABCB7BDF2EF549800063D67D /* IrisNotch.app */ = {isa = PBXFileReference; explicitFileType = wrapper.application; includeInIndex = 0; path = IrisNotch.app; sourceTree = BUILT_PRODUCTS_DIR; };
		ABCB7BEC2EF549810063D67D /* IrisNotchTests.xctest */ = {isa = PBXFileReference; explicitFileType = wrapper.cfbundle; includeInIndex = 0; path = IrisNotchTests.xctest; sourceTree = BUILT_PRODUCTS_DIR; };
		ABCB7BF62EF549810063D67D /* IrisNotchUITests.xctest */ = {isa = PBXFileReference; explicitFileType = wrapper.cfbundle; includeInIndex = 0; path = IrisNotchUITests.xctest; sourceTree = BUILT_PRODUCTS_DIR; };
		ABCB7C242EF56D480063D67D /* IrisNotchLauncher.app */ = {isa = PBXFileReference; explicitFileType = wrapper.application; includeInIndex = 0; path = IrisNotchLauncher.app; sourceTree = BUILT_PRODUCTS_DIR; };
		ABCB7C302EF56D4A0063D67D /* IrisNotchLauncherTests.xctest */ = {isa = PBXFileReference; explicitFileType = wrapper.cfbundle; includeInIndex = 0; path = IrisNotchLauncherTests.xctest; sourceTree = BUILT_PRODUCTS_DIR; };
		ABCB7C3A2EF56D4A0063D67D /* IrisNotchLauncherUITests.xctest */ = {isa = PBXFileReference; explicitFileType = wrapper.cfbundle; includeInIndex = 0; path = IrisNotchLauncherUITests.xctest; sourceTree = BUILT_PRODUCTS_DIR; };
/* End PBXFileReference section */

/* Begin PBXFileSystemSynchronizedRootGroup section */
		ABCB7BE12EF549800063D67D /* IrisNotch */ = {
			isa = PBXFileSystemSynchronizedRootGroup;
			path = IrisNotch;
			sourceTree = "<group>";
		};
		ABCB7BEF2EF549810063D67D /* IrisNotchTests */ = {
			isa = PBXFileSystemSynchronizedRootGroup;
			path = IrisNotchTests;
			sourceTree = "<group>";
		};
		ABCB7BF92EF549810063D67D /* IrisNotchUITests */ = {
			isa = PBXFileSystemSynchronizedRootGroup;
			path = IrisNotchUITests;
			sourceTree = "<group>";
		};
		ABCB7C252EF56D480063D67D /* IrisNotchLauncher */ = {
			isa = PBXFileSystemSynchronizedRootGroup;
			path = IrisNotchLauncher;
			sourceTree = "<group>";
		};
		ABCB7C332EF56D4A0063D67D /* IrisNotchLauncherTests */ = {
			isa = PBXFileSystemSynchronizedRootGroup;
			path = IrisNotchLauncherTests;
			sourceTree = "<group>";
		};
		ABCB7C3D2EF56D4A0063D67D /* IrisNotchLauncherUITests */ = {
			isa = PBXFileSystemSynchronizedRootGroup;
			path = IrisNotchLauncherUITests;
			sourceTree = "<group>";
		};
/* End PBXFileSystemSynchronizedRootGroup section */

/* Begin PBXFrameworksBuildPhase section */
		ABCB7BDC2EF549800063D67D /* Frameworks */ = {
			isa = PBXFrameworksBuildPhase;
			buildActionMask = 2147483647;
			files = (
			);
			runOnlyForDeploymentPostprocessing = 0;
		};
		ABCB7BE92EF549810063D67D /* Frameworks */ = {
			isa = PBXFrameworksBuildPhase;
			buildActionMask = 2147483647;
			files = (
			);
			runOnlyForDeploymentPostprocessing = 0;
		};
		ABCB7BF32EF549810063D67D /* Frameworks */ = {
			isa = PBXFrameworksBuildPhase;
			buildActionMask = 2147483647;
			files = (
			);
			runOnlyForDeploymentPostprocessing = 0;
		};
		ABCB7C212EF56D480063D67D /* Frameworks */ = {
			isa = PBXFrameworksBuildPhase;
			buildActionMask = 2147483647;
			files = (
			);
			runOnlyForDeploymentPostprocessing = 0;
		};
		ABCB7C2D2EF56D4A0063D67D /* Frameworks */ = {
			isa = PBXFrameworksBuildPhase;
			buildActionMask = 2147483647;
			files = (
			);
			runOnlyForDeploymentPostprocessing = 0;
		};
		ABCB7C372EF56D4A0063D67D /* Frameworks */ = {
			isa = PBXFrameworksBuildPhase;
			buildActionMask = 2147483647;
			files = (
			);
			runOnlyForDeploymentPostprocessing = 0;
		};
/* End PBXFrameworksBuildPhase section */

/* Begin PBXGroup section */
		ABCB7BD62EF549800063D67D = {
			isa = PBXGroup;
			children = (
				ABCB7BE12EF549800063D67D /* IrisNotch */,
				ABCB7BEF2EF549810063D67D /* IrisNotchTests */,
				ABCB7BF92EF549810063D67D /* IrisNotchUITests */,
				ABCB7C252EF56D480063D67D /* IrisNotchLauncher */,
				ABCB7C332EF56D4A0063D67D /* IrisNotchLauncherTests */,
				ABCB7C3D2EF56D4A0063D67D /* IrisNotchLauncherUITests */,
				ABCB7BE02EF549800063D67D /* Products */,
			);
			sourceTree = "<group>";
		};
		ABCB7BE02EF549800063D67D /* Products */ = {
			isa = PBXGroup;
			children = (
				ABCB7BDF2EF549800063D67D /* IrisNotch.app */,
				ABCB7BEC2EF549810063D67D /* IrisNotchTests.xctest */,
				ABCB7BF62EF549810063D67D /* IrisNotchUITests.xctest */,
				ABCB7C242EF56D480063D67D /* IrisNotchLauncher.app */,
				ABCB7C302EF56D4A0063D67D /* IrisNotchLauncherTests.xctest */,
				ABCB7C3A2EF56D4A0063D67D /* IrisNotchLauncherUITests.xctest */,
			);
			name = Products;
			sourceTree = "<group>";
		};
/* End PBXGroup section */

/* Begin PBXNativeTarget section */
		ABCB7BDE2EF549800063D67D /* IrisNotch */ = {
			isa = PBXNativeTarget;
			buildConfigurationList = ABCB7C002EF549810063D67D /* Build configuration list for PBXNativeTarget "IrisNotch" */;
			buildPhases = (
				ABCB7BDB2EF549800063D67D /* Sources */,
				ABCB7BDC2EF549800063D67D /* Frameworks */,
				ABCB7BDD2EF549800063D67D /* Resources */,
			);
			buildRules = (
			);
			dependencies = (
			);
			fileSystemSynchronizedGroups = (
				ABCB7BE12EF549800063D67D /* IrisNotch */,
			);
			name = IrisNotch;
			packageProductDependencies = (
			);
			productName = IrisNotch;
			productReference = ABCB7BDF2EF549800063D67D /* IrisNotch.app */;
			productType = "com.apple.product-type.application";
		};
		ABCB7BEB2EF549810063D67D /* IrisNotchTests */ = {
			isa = PBXNativeTarget;
			buildConfigurationList = ABCB7C032EF549810063D67D /* Build configuration list for PBXNativeTarget "IrisNotchTests" */;
			buildPhases = (
				ABCB7BE82EF549810063D67D /* Sources */,
				ABCB7BE92EF549810063D67D /* Frameworks */,
				ABCB7BEA2EF549810063D67D /* Resources */,
			);
			buildRules = (
			);
			dependencies = (
				ABCB7BEE2EF549810063D67D /* PBXTargetDependency */,
			);
			fileSystemSynchronizedGroups = (
				ABCB7BEF2EF549810063D67D /* IrisNotchTests */,
			);
			name = IrisNotchTests;
			packageProductDependencies = (
			);
			productName = IrisNotchTests;
			productReference = ABCB7BEC2EF549810063D67D /* IrisNotchTests.xctest */;
			productType = "com.apple.product-type.bundle.unit-test";
		};
		ABCB7BF52EF549810063D67D /* IrisNotchUITests */ = {
			isa = PBXNativeTarget;
			buildConfigurationList = ABCB7C062EF549810063D67D /* Build configuration list for PBXNativeTarget "IrisNotchUITests" */;
			buildPhases = (
				ABCB7BF22EF549810063D67D /* Sources */,
				ABCB7BF32EF549810063D67D /* Frameworks */,
				ABCB7BF42EF549810063D67D /* Resources */,
			);
			buildRules = (
			);
			dependencies = (
				ABCB7BF82EF549810063D67D /* PBXTargetDependency */,
			);
			fileSystemSynchronizedGroups = (
				ABCB7BF92EF549810063D67D /* IrisNotchUITests */,
			);
			name = IrisNotchUITests;
			packageProductDependencies = (
			);
			productName = IrisNotchUITests;
			productReference = ABCB7BF62EF549810063D67D /* IrisNotchUITests.xctest */;
			productType = "com.apple.product-type.bundle.ui-testing";
		};
		ABCB7C232EF56D480063D67D /* IrisNotchLauncher */ = {
			isa = PBXNativeTarget;
			buildConfigurationList = ABCB7C422EF56D4A0063D67D /* Build configuration list for PBXNativeTarget "IrisNotchLauncher" */;
			buildPhases = (
				ABCB7C202EF56D480063D67D /* Sources */,
				ABCB7C212EF56D480063D67D /* Frameworks */,
				ABCB7C222EF56D480063D67D /* Resources */,
			);
			buildRules = (
			);
			dependencies = (
			);
			fileSystemSynchronizedGroups = (
				ABCB7C252EF56D480063D67D /* IrisNotchLauncher */,
			);
			name = IrisNotchLauncher;
			packageProductDependencies = (
			);
			productName = IrisNotchLauncher;
			productReference = ABCB7C242EF56D480063D67D /* IrisNotchLauncher.app */;
			productType = "com.apple.product-type.application";
		};
		ABCB7C2F2EF56D4A0063D67D /* IrisNotchLauncherTests */ = {
			isa = PBXNativeTarget;
			buildConfigurationList = ABCB7C452EF56D4A0063D67D /* Build configuration list for PBXNativeTarget "IrisNotchLauncherTests" */;
			buildPhases = (
				ABCB7C2C2EF56D4A0063D67D /* Sources */,
				ABCB7C2D2EF56D4A0063D67D /* Frameworks */,
				ABCB7C2E2EF56D4A0063D67D /* Resources */,
			);
			buildRules = (
			);
			dependencies = (
				ABCB7C322EF56D4A0063D67D /* PBXTargetDependency */,
			);
			fileSystemSynchronizedGroups = (
				ABCB7C332EF56D4A0063D67D /* IrisNotchLauncherTests */,
			);
			name = IrisNotchLauncherTests;
			packageProductDependencies = (
			);
			productName = IrisNotchLauncherTests;
			productReference = ABCB7C302EF56D4A0063D67D /* IrisNotchLauncherTests.xctest */;
			productType = "com.apple.product-type.bundle.unit-test";
		};
		ABCB7C392EF56D4A0063D67D /* IrisNotchLauncherUITests */ = {
			isa = PBXNativeTarget;
			buildConfigurationList = ABCB7C482EF56D4A0063D67D /* Build configuration list for PBXNativeTarget "IrisNotchLauncherUITests" */;
			buildPhases = (
				ABCB7C362EF56D4A0063D67D /* Sources */,
				ABCB7C372EF56D4A0063D67D /* Frameworks */,
				ABCB7C382EF56D4A0063D67D /* Resources */,
			);
			buildRules = (
			);
			dependencies = (
				ABCB7C3C2EF56D4A0063D67D /* PBXTargetDependency */,
			);
			fileSystemSynchronizedGroups = (
				ABCB7C3D2EF56D4A0063D67D /* IrisNotchLauncherUITests */,
			);
			name = IrisNotchLauncherUITests;
			packageProductDependencies = (
			);
			productName = IrisNotchLauncherUITests;
			productReference = ABCB7C3A2EF56D4A0063D67D /* IrisNotchLauncherUITests.xctest */;
			productType = "com.apple.product-type.bundle.ui-testing";
		};
/* End PBXNativeTarget section */

/* Begin PBXProject section */
		ABCB7BD72EF549800063D67D /* Project object */ = {
			isa = PBXProject;
			attributes = {
				BuildIndependentTargetsInParallel = 1;
				LastSwiftUpdateCheck = 2620;
				LastUpgradeCheck = 2620;
				TargetAttributes = {
					ABCB7BDE2EF549800063D67D = {
						CreatedOnToolsVersion = 26.2;
					};
					ABCB7BEB2EF549810063D67D = {
						CreatedOnToolsVersion = 26.2;
						TestTargetID = ABCB7BDE2EF549800063D67D;
					};
					ABCB7BF52EF549810063D67D = {
						CreatedOnToolsVersion = 26.2;
						TestTargetID = ABCB7BDE2EF549800063D67D;
					};
					ABCB7C232EF56D480063D67D = {
						CreatedOnToolsVersion = 26.2;
					};
					ABCB7C2F2EF56D4A0063D67D = {
						CreatedOnToolsVersion = 26.2;
						TestTargetID = ABCB7C232EF56D480063D67D;
					};
					ABCB7C392EF56D4A0063D67D = {
						CreatedOnToolsVersion = 26.2;
						TestTargetID = ABCB7C232EF56D480063D67D;
					};
				};
			};
			buildConfigurationList = ABCB7BDA2EF549800063D67D /* Build configuration list for PBXProject "IrisNotch" */;
			developmentRegion = en;
			hasScannedForEncodings = 0;
			knownRegions = (
				en,
				Base,
			);
			mainGroup = ABCB7BD62EF549800063D67D;
			minimizedProjectReferenceProxies = 1;
			preferredProjectObjectVersion = 77;
			productRefGroup = ABCB7BE02EF549800063D67D /* Products */;
			projectDirPath = "";
			projectRoot = "";
			targets = (
				ABCB7BDE2EF549800063D67D /* IrisNotch */,
				ABCB7BEB2EF549810063D67D /* IrisNotchTests */,
				ABCB7BF52EF549810063D67D /* IrisNotchUITests */,
				ABCB7C232EF56D480063D67D /* IrisNotchLauncher */,
				ABCB7C2F2EF56D4A0063D67D /* IrisNotchLauncherTests */,
				ABCB7C392EF56D4A0063D67D /* IrisNotchLauncherUITests */,
			);
		};
/* End PBXProject section */

/* Begin PBXResourcesBuildPhase section */
		ABCB7BDD2EF549800063D67D /* Resources */ = {
			isa = PBXResourcesBuildPhase;
			buildActionMask = 2147483647;
			files = (
			);
			runOnlyForDeploymentPostprocessing = 0;
		};
		ABCB7BEA2EF549810063D67D /* Resources */ = {
			isa = PBXResourcesBuildPhase;
			buildActionMask = 2147483647;
			files = (
			);
			runOnlyForDeploymentPostprocessing = 0;
		};
		ABCB7BF42EF549810063D67D /* Resources */ = {
			isa = PBXResourcesBuildPhase;
			buildActionMask = 2147483647;
			files = (
			);
			runOnlyForDeploymentPostprocessing = 0;
		};
		ABCB7C222EF56D480063D67D /* Resources */ = {
			isa = PBXResourcesBuildPhase;
			buildActionMask = 2147483647;
			files = (
			);
			runOnlyForDeploymentPostprocessing = 0;
		};
		ABCB7C2E2EF56D4A0063D67D /* Resources */ = {
			isa = PBXResourcesBuildPhase;
			buildActionMask = 2147483647;
			files = (
			);
			runOnlyForDeploymentPostprocessing = 0;
		};
		ABCB7C382EF56D4A0063D67D /* Resources */ = {
			isa = PBXResourcesBuildPhase;
			buildActionMask = 2147483647;
			files = (
			);
			runOnlyForDeploymentPostprocessing = 0;
		};
/* End PBXResourcesBuildPhase section */

/* Begin PBXSourcesBuildPhase section */
		ABCB7BDB2EF549800063D67D /* Sources */ = {
			isa = PBXSourcesBuildPhase;
			buildActionMask = 2147483647;
			files = (
			);
			runOnlyForDeploymentPostprocessing = 0;
		};
		ABCB7BE82EF549810063D67D /* Sources */ = {
			isa = PBXSourcesBuildPhase;
			buildActionMask = 2147483647;
			files = (
			);
			runOnlyForDeploymentPostprocessing = 0;
		};
		ABCB7BF22EF549810063D67D /* Sources */ = {
			isa = PBXSourcesBuildPhase;
			buildActionMask = 2147483647;
			files = (
			);
			runOnlyForDeploymentPostprocessing = 0;
		};
		ABCB7C202EF56D480063D67D /* Sources */ = {
			isa = PBXSourcesBuildPhase;
			buildActionMask = 2147483647;
			files = (
			);
			runOnlyForDeploymentPostprocessing = 0;
		};
		ABCB7C2C2EF56D4A0063D67D /* Sources */ = {
			isa = PBXSourcesBuildPhase;
			buildActionMask = 2147483647;
			files = (
			);
			runOnlyForDeploymentPostprocessing = 0;
		};
		ABCB7C362EF56D4A0063D67D /* Sources */ = {
			isa = PBXSourcesBuildPhase;
			buildActionMask = 2147483647;
			files = (
			);
			runOnlyForDeploymentPostprocessing = 0;
		};
/* End PBXSourcesBuildPhase section */

/* Begin PBXTargetDependency section */
		ABCB7BEE2EF549810063D67D /* PBXTargetDependency */ = {
			isa = PBXTargetDependency;
			target = ABCB7BDE2EF549800063D67D /* IrisNotch */;
			targetProxy = ABCB7BED2EF549810063D67D /* PBXContainerItemProxy */;
		};
		ABCB7BF82EF549810063D67D /* PBXTargetDependency */ = {
			isa = PBXTargetDependency;
			target = ABCB7BDE2EF549800063D67D /* IrisNotch */;
			targetProxy = ABCB7BF72EF549810063D67D /* PBXContainerItemProxy */;
		};
		ABCB7C322EF56D4A0063D67D /* PBXTargetDependency */ = {
			isa = PBXTargetDependency;
			target = ABCB7C232EF56D480063D67D /* IrisNotchLauncher */;
			targetProxy = ABCB7C312EF56D4A0063D67D /* PBXContainerItemProxy */;
		};
		ABCB7C3C2EF56D4A0063D67D /* PBXTargetDependency */ = {
			isa = PBXTargetDependency;
			target = ABCB7C232EF56D480063D67D /* IrisNotchLauncher */;
			targetProxy = ABCB7C3B2EF56D4A0063D67D /* PBXContainerItemProxy */;
		};
/* End PBXTargetDependency section */

/* Begin XCBuildConfiguration section */
		ABCB7BFE2EF549810063D67D /* Debug */ = {
			isa = XCBuildConfiguration;
			buildSettings = {
				ALWAYS_SEARCH_USER_PATHS = NO;
				ASSETCATALOG_COMPILER_GENERATE_SWIFT_ASSET_SYMBOL_EXTENSIONS = YES;
				CLANG_ANALYZER_NONNULL = YES;
				CLANG_ANALYZER_NUMBER_OBJECT_CONVERSION = YES_AGGRESSIVE;
				CLANG_CXX_LANGUAGE_STANDARD = "gnu++20";
				CLANG_ENABLE_MODULES = YES;
				CLANG_ENABLE_OBJC_ARC = YES;
				CLANG_ENABLE_OBJC_WEAK = YES;
				CLANG_WARN_BLOCK_CAPTURE_AUTORELEASING = YES;
				CLANG_WARN_BOOL_CONVERSION = YES;
				CLANG_WARN_COMMA = YES;
				CLANG_WARN_CONSTANT_CONVERSION = YES;
				CLANG_WARN_DEPRECATED_OBJC_IMPLEMENTATIONS = YES;
				CLANG_WARN_DIRECT_OBJC_ISA_USAGE = YES_ERROR;
				CLANG_WARN_DOCUMENTATION_COMMENTS = YES;
				CLANG_WARN_EMPTY_BODY = YES;
				CLANG_WARN_ENUM_CONVERSION = YES;
				CLANG_WARN_INFINITE_RECURSION = YES;
				CLANG_WARN_INT_CONVERSION = YES;
				CLANG_WARN_NON_LITERAL_NULL_CONVERSION = YES;
				CLANG_WARN_OBJC_IMPLICIT_RETAIN_SELF = YES;
				CLANG_WARN_OBJC_LITERAL_CONVERSION = YES;
				CLANG_WARN_OBJC_ROOT_CLASS = YES_ERROR;
				CLANG_WARN_QUOTED_INCLUDE_IN_FRAMEWORK_HEADER = YES;
				CLANG_WARN_RANGE_LOOP_ANALYSIS = YES;
				CLANG_WARN_STRICT_PROTOTYPES = YES;
				CLANG_WARN_SUSPICIOUS_MOVE = YES;
				CLANG_WARN_UNGUARDED_AVAILABILITY = YES_AGGRESSIVE;
				CLANG_WARN_UNREACHABLE_CODE = YES;
				CLANG_WARN__DUPLICATE_METHOD_MATCH = YES;
				COPY_PHASE_STRIP = NO;
				DEBUG_INFORMATION_FORMAT = dwarf;
				ENABLE_STRICT_OBJC_MSGSEND = YES;
				ENABLE_TESTABILITY = YES;
				ENABLE_USER_SCRIPT_SANDBOXING = YES;
				GCC_C_LANGUAGE_STANDARD = gnu17;
				GCC_DYNAMIC_NO_PIC = NO;
				GCC_NO_COMMON_BLOCKS = YES;
				GCC_OPTIMIZATION_LEVEL = 0;
				GCC_PREPROCESSOR_DEFINITIONS = (
					"DEBUG=1",
					"$(inherited)",
				);
				GCC_WARN_64_TO_32_BIT_CONVERSION = YES;
				GCC_WARN_ABOUT_RETURN_TYPE = YES_ERROR;
				GCC_WARN_UNDECLARED_SELECTOR = YES;
				GCC_WARN_UNINITIALIZED_AUTOS = YES_AGGRESSIVE;
				GCC_WARN_UNUSED_FUNCTION = YES;
				GCC_WARN_UNUSED_VARIABLE = YES;
				LOCALIZATION_PREFERS_STRING_CATALOGS = YES;
				MACOSX_DEPLOYMENT_TARGET = 26.2;
				MTL_ENABLE_DEBUG_INFO = INCLUDE_SOURCE;
				MTL_FAST_MATH = YES;
				ONLY_ACTIVE_ARCH = YES;
				SDKROOT = macosx;
				SWIFT_ACTIVE_COMPILATION_CONDITIONS = "DEBUG $(inherited)";
				SWIFT_OPTIMIZATION_LEVEL = "-Onone";
			};
			name = Debug;
		};
		ABCB7BFF2EF549810063D67D /* Release */ = {
			isa = XCBuildConfiguration;
			buildSettings = {
				ALWAYS_SEARCH_USER_PATHS = NO;
				ASSETCATALOG_COMPILER_GENERATE_SWIFT_ASSET_SYMBOL_EXTENSIONS = YES;
				CLANG_ANALYZER_NONNULL = YES;
				CLANG_ANALYZER_NUMBER_OBJECT_CONVERSION = YES_AGGRESSIVE;
				CLANG_CXX_LANGUAGE_STANDARD = "gnu++20";
				CLANG_ENABLE_MODULES = YES;
				CLANG_ENABLE_OBJC_ARC = YES;
				CLANG_ENABLE_OBJC_WEAK = YES;
				CLANG_WARN_BLOCK_CAPTURE_AUTORELEASING = YES;
				CLANG_WARN_BOOL_CONVERSION = YES;
				CLANG_WARN_COMMA = YES;
				CLANG_WARN_CONSTANT_CONVERSION = YES;
				CLANG_WARN_DEPRECATED_OBJC_IMPLEMENTATIONS = YES;
				CLANG_WARN_DIRECT_OBJC_ISA_USAGE = YES_ERROR;
				CLANG_WARN_DOCUMENTATION_COMMENTS = YES;
				CLANG_WARN_EMPTY_BODY = YES;
				CLANG_WARN_ENUM_CONVERSION = YES;
				CLANG_WARN_INFINITE_RECURSION = YES;
				CLANG_WARN_INT_CONVERSION = YES;
				CLANG_WARN_NON_LITERAL_NULL_CONVERSION = YES;
				CLANG_WARN_OBJC_IMPLICIT_RETAIN_SELF = YES;
				CLANG_WARN_OBJC_LITERAL_CONVERSION = YES;
				CLANG_WARN_OBJC_ROOT_CLASS = YES_ERROR;
				CLANG_WARN_QUOTED_INCLUDE_IN_FRAMEWORK_HEADER = YES;
				CLANG_WARN_RANGE_LOOP_ANALYSIS = YES;
				CLANG_WARN_STRICT_PROTOTYPES = YES;
				CLANG_WARN_SUSPICIOUS_MOVE = YES;
				CLANG_WARN_UNGUARDED_AVAILABILITY = YES_AGGRESSIVE;
				CLANG_WARN_UNREACHABLE_CODE = YES;
				CLANG_WARN__DUPLICATE_METHOD_MATCH = YES;
				COPY_PHASE_STRIP = NO;
				DEBUG_INFORMATION_FORMAT = "dwarf-with-dsym";
				ENABLE_NS_ASSERTIONS = NO;
				ENABLE_STRICT_OBJC_MSGSEND = YES;
				ENABLE_USER_SCRIPT_SANDBOXING = YES;
				GCC_C_LANGUAGE_STANDARD = gnu17;
				GCC_NO_COMMON_BLOCKS = YES;
				GCC_WARN_64_TO_32_BIT_CONVERSION = YES;
				GCC_WARN_ABOUT_RETURN_TYPE = YES_ERROR;
				GCC_WARN_UNDECLARED_SELECTOR = YES;
				GCC_WARN_UNINITIALIZED_AUTOS = YES_AGGRESSIVE;
				GCC_WARN_UNUSED_FUNCTION = YES;
				GCC_WARN_UNUSED_VARIABLE = YES;
				LOCALIZATION_PREFERS_STRING_CATALOGS = YES;
				MACOSX_DEPLOYMENT_TARGET = 26.2;
				MTL_ENABLE_DEBUG_INFO = NO;
				MTL_FAST_MATH = YES;
				SDKROOT = macosx;
				SWIFT_COMPILATION_MODE = wholemodule;
			};
			name = Release;
		};
		ABCB7C012EF549810063D67D /* Debug */ = {
			isa = XCBuildConfiguration;
			buildSettings = {
				ASSETCATALOG_COMPILER_APPICON_NAME = AppIcon;
				ASSETCATALOG_COMPILER_GLOBAL_ACCENT_COLOR_NAME = AccentColor;
				CODE_SIGN_STYLE = Automatic;
				COMBINE_HIDPI_IMAGES = YES;
				CURRENT_PROJECT_VERSION = 1;
				ENABLE_APP_SANDBOX = YES;
				ENABLE_PREVIEWS = YES;
				ENABLE_USER_SELECTED_FILES = readonly;
				GENERATE_INFOPLIST_FILE = YES;
				INFOPLIST_KEY_NSHumanReadableCopyright = "";
				LD_RUNPATH_SEARCH_PATHS = (
					"$(inherited)",
					"@executable_path/../Frameworks",
				);
				MARKETING_VERSION = 1.0;
				PRODUCT_BUNDLE_IDENTIFIER = com.mactimenotch.IrisNotch;
				PRODUCT_NAME = "$(TARGET_NAME)";
				REGISTER_APP_GROUPS = YES;
				STRING_CATALOG_GENERATE_SYMBOLS = YES;
				SWIFT_APPROACHABLE_CONCURRENCY = YES;
				SWIFT_DEFAULT_ACTOR_ISOLATION = MainActor;
				SWIFT_EMIT_LOC_STRINGS = YES;
				SWIFT_UPCOMING_FEATURE_MEMBER_IMPORT_VISIBILITY = YES;
				SWIFT_VERSION = 5.0;
			};
			name = Debug;
		};
		ABCB7C022EF549810063D67D /* Release */ = {
			isa = XCBuildConfiguration;
			buildSettings = {
				ASSETCATALOG_COMPILER_APPICON_NAME = AppIcon;
				ASSETCATALOG_COMPILER_GLOBAL_ACCENT_COLOR_NAME = AccentColor;
				CODE_SIGN_STYLE = Automatic;
				COMBINE_HIDPI_IMAGES = YES;
				CURRENT_PROJECT_VERSION = 1;
				ENABLE_APP_SANDBOX = YES;
				ENABLE_PREVIEWS = YES;
				ENABLE_USER_SELECTED_FILES = readonly;
				GENERATE_INFOPLIST_FILE = YES;
				INFOPLIST_KEY_NSHumanReadableCopyright = "";
				LD_RUNPATH_SEARCH_PATHS = (
					"$(inherited)",
					"@executable_path/../Frameworks",
				);
				MARKETING_VERSION = 1.0;
				PRODUCT_BUNDLE_IDENTIFIER = com.mactimenotch.IrisNotch;
				PRODUCT_NAME = "$(TARGET_NAME)";
				REGISTER_APP_GROUPS = YES;
				STRING_CATALOG_GENERATE_SYMBOLS = YES;
				SWIFT_APPROACHABLE_CONCURRENCY = YES;
				SWIFT_DEFAULT_ACTOR_ISOLATION = MainActor;
				SWIFT_EMIT_LOC_STRINGS = YES;
				SWIFT_UPCOMING_FEATURE_MEMBER_IMPORT_VISIBILITY = YES;
				SWIFT_VERSION = 5.0;
			};
			name = Release;
		};
		ABCB7C042EF549810063D67D /* Debug */ = {
			isa = XCBuildConfiguration;
			buildSettings = {
				BUNDLE_LOADER = "$(TEST_HOST)";
				CODE_SIGN_STYLE = Automatic;
				CURRENT_PROJECT_VERSION = 1;
				GENERATE_INFOPLIST_FILE = YES;
				MACOSX_DEPLOYMENT_TARGET = 26.2;
				MARKETING_VERSION = 1.0;
				PRODUCT_BUNDLE_IDENTIFIER = com.mactimenotch.IrisNotchTests;
				PRODUCT_NAME = "$(TARGET_NAME)";
				STRING_CATALOG_GENERATE_SYMBOLS = NO;
				SWIFT_APPROACHABLE_CONCURRENCY = YES;
				SWIFT_EMIT_LOC_STRINGS = NO;
				SWIFT_UPCOMING_FEATURE_MEMBER_IMPORT_VISIBILITY = YES;
				SWIFT_VERSION = 5.0;
				TEST_HOST = "$(BUILT_PRODUCTS_DIR)/IrisNotch.app/$(BUNDLE_EXECUTABLE_FOLDER_PATH)/IrisNotch";
			};
			name = Debug;
		};
		ABCB7C052EF549810063D67D /* Release */ = {
			isa = XCBuildConfiguration;
			buildSettings = {
				BUNDLE_LOADER = "$(TEST_HOST)";
				CODE_SIGN_STYLE = Automatic;
				CURRENT_PROJECT_VERSION = 1;
				GENERATE_INFOPLIST_FILE = YES;
				MACOSX_DEPLOYMENT_TARGET = 26.2;
				MARKETING_VERSION = 1.0;
				PRODUCT_BUNDLE_IDENTIFIER = com.mactimenotch.IrisNotchTests;
				PRODUCT_NAME = "$(TARGET_NAME)";
				STRING_CATALOG_GENERATE_SYMBOLS = NO;
				SWIFT_APPROACHABLE_CONCURRENCY = YES;
				SWIFT_EMIT_LOC_STRINGS = NO;
				SWIFT_UPCOMING_FEATURE_MEMBER_IMPORT_VISIBILITY = YES;
				SWIFT_VERSION = 5.0;
				TEST_HOST = "$(BUILT_PRODUCTS_DIR)/IrisNotch.app/$(BUNDLE_EXECUTABLE_FOLDER_PATH)/IrisNotch";
			};
			name = Release;
		};
		ABCB7C072EF549810063D67D /* Debug */ = {
			isa = XCBuildConfiguration;
			buildSettings = {
				CODE_SIGN_STYLE = Automatic;
				CURRENT_PROJECT_VERSION = 1;
				GENERATE_INFOPLIST_FILE = YES;
				MARKETING_VERSION = 1.0;
				PRODUCT_BUNDLE_IDENTIFIER = com.mactimenotch.IrisNotchUITests;
				PRODUCT_NAME = "$(TARGET_NAME)";
				STRING_CATALOG_GENERATE_SYMBOLS = NO;
				SWIFT_APPROACHABLE_CONCURRENCY = YES;
				SWIFT_EMIT_LOC_STRINGS = NO;
				SWIFT_UPCOMING_FEATURE_MEMBER_IMPORT_VISIBILITY = YES;
				SWIFT_VERSION = 5.0;
				TEST_TARGET_NAME = IrisNotch;
			};
			name = Debug;
		};
		ABCB7C082EF549810063D67D /* Release */ = {
			isa = XCBuildConfiguration;
			buildSettings = {
				CODE_SIGN_STYLE = Automatic;
				CURRENT_PROJECT_VERSION = 1;
				GENERATE_INFOPLIST_FILE = YES;
				MARKETING_VERSION = 1.0;
				PRODUCT_BUNDLE_IDENTIFIER = com.mactimenotch.IrisNotchUITests;
				PRODUCT_NAME = "$(TARGET_NAME)";
				STRING_CATALOG_GENERATE_SYMBOLS = NO;
				SWIFT_APPROACHABLE_CONCURRENCY = YES;
				SWIFT_EMIT_LOC_STRINGS = NO;
				SWIFT_UPCOMING_FEATURE_MEMBER_IMPORT_VISIBILITY = YES;
				SWIFT_VERSION = 5.0;
				TEST_TARGET_NAME = IrisNotch;
			};
			name = Release;
		};
		ABCB7C432EF56D4A0063D67D /* Debug */ = {
			isa = XCBuildConfiguration;
			buildSettings = {
				ASSETCATALOG_COMPILER_APPICON_NAME = AppIcon;
				ASSETCATALOG_COMPILER_GLOBAL_ACCENT_COLOR_NAME = AccentColor;
				CODE_SIGN_STYLE = Automatic;
				COMBINE_HIDPI_IMAGES = YES;
				CURRENT_PROJECT_VERSION = 1;
				ENABLE_APP_SANDBOX = YES;
				ENABLE_PREVIEWS = YES;
				ENABLE_USER_SELECTED_FILES = readonly;
				GENERATE_INFOPLIST_FILE = YES;
				INFOPLIST_KEY_NSHumanReadableCopyright = "";
				LD_RUNPATH_SEARCH_PATHS = (
					"$(inherited)",
					"@executable_path/../Frameworks",
				);
				MARKETING_VERSION = 1.0;
				PRODUCT_BUNDLE_IDENTIFIER = com.mactimenotch.IrisNotchLauncher;
				PRODUCT_NAME = "$(TARGET_NAME)";
				REGISTER_APP_GROUPS = YES;
				STRING_CATALOG_GENERATE_SYMBOLS = YES;
				SWIFT_APPROACHABLE_CONCURRENCY = YES;
				SWIFT_DEFAULT_ACTOR_ISOLATION = MainActor;
				SWIFT_EMIT_LOC_STRINGS = YES;
				SWIFT_UPCOMING_FEATURE_MEMBER_IMPORT_VISIBILITY = YES;
				SWIFT_VERSION = 5.0;
			};
			name = Debug;
		};
		ABCB7C442EF56D4A0063D67D /* Release */ = {
			isa = XCBuildConfiguration;
			buildSettings = {
				ASSETCATALOG_COMPILER_APPICON_NAME = AppIcon;
				ASSETCATALOG_COMPILER_GLOBAL_ACCENT_COLOR_NAME = AccentColor;
				CODE_SIGN_STYLE = Automatic;
				COMBINE_HIDPI_IMAGES = YES;
				CURRENT_PROJECT_VERSION = 1;
				ENABLE_APP_SANDBOX = YES;
				ENABLE_PREVIEWS = YES;
				ENABLE_USER_SELECTED_FILES = readonly;
				GENERATE_INFOPLIST_FILE = YES;
				INFOPLIST_KEY_NSHumanReadableCopyright = "";
				LD_RUNPATH_SEARCH_PATHS = (
					"$(inherited)",
					"@executable_path/../Frameworks",
				);
				MARKETING_VERSION = 1.0;
				PRODUCT_BUNDLE_IDENTIFIER = com.mactimenotch.IrisNotchLauncher;
				PRODUCT_NAME = "$(TARGET_NAME)";
				REGISTER_APP_GROUPS = YES;
				STRING_CATALOG_GENERATE_SYMBOLS = YES;
				SWIFT_APPROACHABLE_CONCURRENCY = YES;
				SWIFT_DEFAULT_ACTOR_ISOLATION = MainActor;
				SWIFT_EMIT_LOC_STRINGS = YES;
				SWIFT_UPCOMING_FEATURE_MEMBER_IMPORT_VISIBILITY = YES;
				SWIFT_VERSION = 5.0;
			};
			name = Release;
		};
		ABCB7C462EF56D4A0063D67D /* Debug */ = {
			isa = XCBuildConfiguration;
			buildSettings = {
				BUNDLE_LOADER = "$(TEST_HOST)";
				CODE_SIGN_STYLE = Automatic;
				CURRENT_PROJECT_VERSION = 1;
				GENERATE_INFOPLIST_FILE = YES;
				MACOSX_DEPLOYMENT_TARGET = 26.2;
				MARKETING_VERSION = 1.0;
				PRODUCT_BUNDLE_IDENTIFIER = com.mactimenotch.IrisNotchLauncherTests;
				PRODUCT_NAME = "$(TARGET_NAME)";
				STRING_CATALOG_GENERATE_SYMBOLS = NO;
				SWIFT_APPROACHABLE_CONCURRENCY = YES;
				SWIFT_EMIT_LOC_STRINGS = NO;
				SWIFT_UPCOMING_FEATURE_MEMBER_IMPORT_VISIBILITY = YES;
				SWIFT_VERSION = 5.0;
				TEST_HOST = "$(BUILT_PRODUCTS_DIR)/IrisNotchLauncher.app/$(BUNDLE_EXECUTABLE_FOLDER_PATH)/IrisNotchLauncher";
			};
			name = Debug;
		};
		ABCB7C472EF56D4A0063D67D /* Release */ = {
			isa = XCBuildConfiguration;
			buildSettings = {
				BUNDLE_LOADER = "$(TEST_HOST)";
				CODE_SIGN_STYLE = Automatic;
				CURRENT_PROJECT_VERSION = 1;
				GENERATE_INFOPLIST_FILE = YES;
				MACOSX_DEPLOYMENT_TARGET = 26.2;
				MARKETING_VERSION = 1.0;
				PRODUCT_BUNDLE_IDENTIFIER = com.mactimenotch.IrisNotchLauncherTests;
				PRODUCT_NAME = "$(TARGET_NAME)";
				STRING_CATALOG_GENERATE_SYMBOLS = NO;
				SWIFT_APPROACHABLE_CONCURRENCY = YES;
				SWIFT_EMIT_LOC_STRINGS = NO;
				SWIFT_UPCOMING_FEATURE_MEMBER_IMPORT_VISIBILITY = YES;
				SWIFT_VERSION = 5.0;
				TEST_HOST = "$(BUILT_PRODUCTS_DIR)/IrisNotchLauncher.app/$(BUNDLE_EXECUTABLE_FOLDER_PATH)/IrisNotchLauncher";
			};
			name = Release;
		};
		ABCB7C492EF56D4A0063D67D /* Debug */ = {
			isa = XCBuildConfiguration;
			buildSettings = {
				CODE_SIGN_STYLE = Automatic;
				CURRENT_PROJECT_VERSION = 1;
				GENERATE_INFOPLIST_FILE = YES;
				MARKETING_VERSION = 1.0;
				PRODUCT_BUNDLE_IDENTIFIER = com.mactimenotch.IrisNotchLauncherUITests;
				PRODUCT_NAME = "$(TARGET_NAME)";
				STRING_CATALOG_GENERATE_SYMBOLS = NO;
				SWIFT_APPROACHABLE_CONCURRENCY = YES;
				SWIFT_EMIT_LOC_STRINGS = NO;
				SWIFT_UPCOMING_FEATURE_MEMBER_IMPORT_VISIBILITY = YES;
				SWIFT_VERSION = 5.0;
				TEST_TARGET_NAME = IrisNotchLauncher;
			};
			name = Debug;
		};
		ABCB7C4A2EF56D4A0063D67D /* Release */ = {
			isa = XCBuildConfiguration;
			buildSettings = {
				CODE_SIGN_STYLE = Automatic;
				CURRENT_PROJECT_VERSION = 1;
				GENERATE_INFOPLIST_FILE = YES;
				MARKETING_VERSION = 1.0;
				PRODUCT_BUNDLE_IDENTIFIER = com.mactimenotch.IrisNotchLauncherUITests;
				PRODUCT_NAME = "$(TARGET_NAME)";
				STRING_CATALOG_GENERATE_SYMBOLS = NO;
				SWIFT_APPROACHABLE_CONCURRENCY = YES;
				SWIFT_EMIT_LOC_STRINGS = NO;
				SWIFT_UPCOMING_FEATURE_MEMBER_IMPORT_VISIBILITY = YES;
				SWIFT_VERSION = 5.0;
				TEST_TARGET_NAME = IrisNotchLauncher;
			};
			name = Release;
		};
/* End XCBuildConfiguration section */

/* Begin XCConfigurationList section */
		ABCB7BDA2EF549800063D67D /* Build configuration list for PBXProject "IrisNotch" */ = {
			isa = XCConfigurationList;
			buildConfigurations = (
				ABCB7BFE2EF549810063D67D /* Debug */,
				ABCB7BFF2EF549810063D67D /* Release */,
			);
			defaultConfigurationIsVisible = 0;
			defaultConfigurationName = Release;
		};
		ABCB7C002EF549810063D67D /* Build configuration list for PBXNativeTarget "IrisNotch" */ = {
			isa = XCConfigurationList;
			buildConfigurations = (
				ABCB7C012EF549810063D67D /* Debug */,
				ABCB7C022EF549810063D67D /* Release */,
			);
			defaultConfigurationIsVisible = 0;
			defaultConfigurationName = Release;
		};
		ABCB7C032EF549810063D67D /* Build configuration list for PBXNativeTarget "IrisNotchTests" */ = {
			isa = XCConfigurationList;
			buildConfigurations = (
				ABCB7C042EF549810063D67D /* Debug */,
				ABCB7C052EF549810063D67D /* Release */,
			);
			defaultConfigurationIsVisible = 0;
			defaultConfigurationName = Release;
		};
		ABCB7C062EF549810063D67D /* Build configuration list for PBXNativeTarget "IrisNotchUITests" */ = {
			isa = XCConfigurationList;
			buildConfigurations = (
				ABCB7C072EF549810063D67D /* Debug */,
				ABCB7C082EF549810063D67D /* Release */,
			);
			defaultConfigurationIsVisible = 0;
			defaultConfigurationName = Release;
		};
		ABCB7C422EF56D4A0063D67D /* Build configuration list for PBXNativeTarget "IrisNotchLauncher" */ = {
			isa = XCConfigurationList;
			buildConfigurations = (
				ABCB7C432EF56D4A0063D67D /* Debug */,
				ABCB7C442EF56D4A0063D67D /* Release */,
			);
			defaultConfigurationIsVisible = 0;
			defaultConfigurationName = Release;
		};
		ABCB7C452EF56D4A0063D67D /* Build configuration list for PBXNativeTarget "IrisNotchLauncherTests" */ = {
			isa = XCConfigurationList;
			buildConfigurations = (
				ABCB7C462EF56D4A0063D67D /* Debug */,
				ABCB7C472EF56D4A0063D67D /* Release */,
			);
			defaultConfigurationIsVisible = 0;
			defaultConfigurationName = Release;
		};
		ABCB7C482EF56D4A0063D67D /* Build configuration list for PBXNativeTarget "IrisNotchLauncherUITests" */ = {
			isa = XCConfigurationList;
			buildConfigurations = (
				ABCB7C492EF56D4A0063D67D /* Debug */,
				ABCB7C4A2EF56D4A0063D67D /* Release */,
			);
			defaultConfigurationIsVisible = 0;
			defaultConfigurationName = Release;
		};
/* End XCConfigurationList section */
	};
	rootObject = ABCB7BD72EF549800063D67D /* Project object */;
}
